
Microsoft Visual Studio Solution File, Format Version 12.00
# Visual Studio 15
VisualStudioVersion = 15.0.27130.2010
MinimumVisualStudioVersion = 10.0.40219.1
Project("{FAE04EC0-301F-11D3-BF4B-00C04F79EFBC}") = "OpenGLTest", "OpenGLTest\OpenGLTest.csproj", "{110400C0-B23A-4385-8210-4B8A0596F751}"
EndProject
Global
	GlobalSection(SolutionConfigurationPlatforms) = preSolution
		Debug|Any CPU = Debug|Any CPU
		Release|Any CPU = Release|Any CPU
	EndGlobalSection
	GlobalSection(ProjectConfigurationPlatforms) = postSolution
		{110400C0-B23A-4385-8210-4B8A0596F751}.Debug|Any CPU.ActiveCfg = Debug|Any CPU
		{110400C0-B23A-4385-8210-4B8A0596F751}.Debug|Any CPU.Build.0 = Debug|Any CPU
		{110400C0-B23A-4385-8210-4B8A0596F751}.Release|Any CPU.ActiveCfg = Release|Any CPU
		{110400C0-B23A-4385-8210-4B8A0596F751}.Release|Any CPU.Build.0 = Release|Any CPU
	EndGlobalSection
	GlobalSection(SolutionProperties) = preSolution
		HideSolutionNode = FALSE
	EndGlobalSection
	GlobalSection(ExtensibilityGlobals) = postSolution
		SolutionGuid = {3629C2ED-A366-497F-A410-9D99AA0BB94C}
	EndGlobalSection
EndGlobal
